# This file is automatically @generated by Poetry 2.1.2 and should not be changed by hand.

[[package]]
name = "polars"
version = "1.27.1"
description = "Blazingly fast DataFrame library"
optional = false
python-versions = ">=3.9"
groups = ["main"]
files = [
    {file = "polars-1.27.1-cp39-abi3-macosx_10_12_x86_64.whl", hash = "sha256:ba7ad4f8046d00dd97c1369e46a4b7e00ffcff5d38c0f847ee4b9b1bb182fb18"},
    {file = "polars-1.27.1-cp39-abi3-macosx_11_0_arm64.whl", hash = "sha256:339e3948748ad6fa7a42e613c3fb165b497ed797e93fce1aa2cddf00fbc16cac"},
    {file = "polars-1.27.1-cp39-abi3-manylinux_2_17_x86_64.manylinux2014_x86_64.whl", hash = "sha256:f801e0d9da198eb97cfb4e8af4242b8396878ff67b655c71570b7e333102b72b"},
    {file = "polars-1.27.1-cp39-abi3-manylinux_2_24_aarch64.whl", hash = "sha256:4d18a29c65222451818b63cd397b2e95c20412ea0065d735a20a4a79a7b26e8a"},
    {file = "polars-1.27.1-cp39-abi3-win_amd64.whl", hash = "sha256:a4f832cf478b282d97f8bf86eeae2df66fa1384de1c49bc61f7224a10cc6a5df"},
    {file = "polars-1.27.1-cp39-abi3-win_arm64.whl", hash = "sha256:4f238ee2e3c5660345cb62c0f731bbd6768362db96c058098359ecffa42c3c6c"},
    {file = "polars-1.27.1.tar.gz", hash = "sha256:94fcb0216b56cd0594aa777db1760a41ad0dfffed90d2ca446cf9294d2e97f02"},
]

[package.extras]
adbc = ["adbc-driver-manager[dbapi]", "adbc-driver-sqlite[dbapi]"]
all = ["polars[async,cloudpickle,database,deltalake,excel,fsspec,graph,iceberg,numpy,pandas,plot,pyarrow,pydantic,style,timezone]"]
async = ["gevent"]
calamine = ["fastexcel (>=0.9)"]
cloudpickle = ["cloudpickle"]
connectorx = ["connectorx (>=0.3.2)"]
database = ["polars[adbc,connectorx,sqlalchemy]"]
deltalake = ["deltalake (>=0.19.0)"]
excel = ["polars[calamine,openpyxl,xlsx2csv,xlsxwriter]"]
fsspec = ["fsspec"]
gpu = ["cudf-polars-cu12"]
graph = ["matplotlib"]
iceberg = ["pyiceberg (>=0.7.1)"]
numpy = ["numpy (>=1.16.0)"]
openpyxl = ["openpyxl (>=3.0.0)"]
pandas = ["pandas", "polars[pyarrow]"]
plot = ["altair (>=5.4.0)"]
polars-cloud = ["polars-cloud (>=0.0.1a1)"]
pyarrow = ["pyarrow (>=7.0.0)"]
pydantic = ["pydantic"]
sqlalchemy = ["polars[pandas]", "sqlalchemy"]
style = ["great-tables (>=0.8.0)"]
timezone = ["tzdata ; platform_system == \"Windows\""]
xlsx2csv = ["xlsx2csv (>=0.8.0)"]
xlsxwriter = ["xlsxwriter"]

[metadata]
lock-version = "2.1"
python-versions = ">=3.12"
content-hash = "c15a56694d8a35b7c58c4f6aba0f07e6e9ebacc08ea201aae02d0b04099340ba"
